// !$*UTF8*$!
{
	archiveVersion = 1;
	classes = {
	};
	objectVersion = 55;
	objects = {

/* Begin PBXBuildFile section */
		B63226A2287C77E5007EE5EF /* CollectionViewTableViewCell.swift in Sources */ = {isa = PBXBuildFile; fileRef = B63226A1287C77E5007EE5EF /* CollectionViewTableViewCell.swift */; };
		B63226A4287DB37D007EE5EF /* HeroHeaderUIView.swift in Sources */ = {isa = PBXBuildFile; fileRef = B63226A3287DB37D007EE5EF /* HeroHeaderUIView.swift */; };
		B694531B287C58BA00CFEDB3 /* AppDelegate.swift in Sources */ = {isa = PBXBuildFile; fileRef = B694531A287C58BA00CFEDB3 /* AppDelegate.swift */; };
		B694531D287C58BA00CFEDB3 /* SceneDelegate.swift in Sources */ = {isa = PBXBuildFile; fileRef = B694531C287C58BA00CFEDB3 /* SceneDelegate.swift */; };
		B694531F287C58BA00CFEDB3 /* MainTabBarViewController.swift in Sources */ = {isa = PBXBuildFile; fileRef = B694531E287C58BA00CFEDB3 /* MainTabBarViewController.swift */; };
		B6945324287C58BA00CFEDB3 /* Assets.xcassets in Resources */ = {isa = PBXBuildFile; fileRef = B6945323287C58BA00CFEDB3 /* Assets.xcassets */; };
		B6945327287C58BA00CFEDB3 /* LaunchScreen.storyboard in Resources */ = {isa = PBXBuildFile; fileRef = B6945325287C58BA00CFEDB3 /* LaunchScreen.storyboard */; };
		B6945330287C5AED00CFEDB3 /* HomeViewController.swift in Sources */ = {isa = PBXBuildFile; fileRef = B694532F287C5AED00CFEDB3 /* HomeViewController.swift */; };
		B6945332287C5B1300CFEDB3 /* UpcomingViewController.swift in Sources */ = {isa = PBXBuildFile; fileRef = B6945331287C5B1300CFEDB3 /* UpcomingViewController.swift */; };
		B6945334287C5B2D00CFEDB3 /* SearchViewController.swift in Sources */ = {isa = PBXBuildFile; fileRef = B6945333287C5B2D00CFEDB3 /* SearchViewController.swift */; };
		B6945336287C5B4600CFEDB3 /* DownloadsViewController.swift in Sources */ = {isa = PBXBuildFile; fileRef = B6945335287C5B4600CFEDB3 /* DownloadsViewController.swift */; };
		B69AA06D287F12C3006BC595 /* APICaller.swift in Sources */ = {isa = PBXBuildFile; fileRef = B69AA06C287F12C3006BC595 /* APICaller.swift */; };
		B69AA06F28803BAA006BC595 /* Title.swift in Sources */ = {isa = PBXBuildFile; fileRef = B69AA06E28803BAA006BC595 /* Title.swift */; };
		B69AA07328804564006BC595 /* extensions.swift in Sources */ = {isa = PBXBuildFile; fileRef = B69AA07228804564006BC595 /* extensions.swift */; };
		B69AA077288058EB006BC595 /* TitleCollectionViewCell.swift in Sources */ = {isa = PBXBuildFile; fileRef = B69AA076288058EB006BC595 /* TitleCollectionViewCell.swift */; };
		B69AA07A288059EB006BC595 /* SDWebImage in Frameworks */ = {isa = PBXBuildFile; productRef = B69AA079288059EB006BC595 /* SDWebImage */; };
		B69AA07C288059EB006BC595 /* SDWebImageMapKit in Frameworks */ = {isa = PBXBuildFile; productRef = B69AA07B288059EB006BC595 /* SDWebImageMapKit */; };
/* End PBXBuildFile section */

/* Begin PBXFileReference section */
		B63226A1287C77E5007EE5EF /* CollectionViewTableViewCell.swift */ = {isa = PBXFileReference; lastKnownFileType = sourcecode.swift; path = CollectionViewTableViewCell.swift; sourceTree = "<group>"; };
		B63226A3287DB37D007EE5EF /* HeroHeaderUIView.swift */ = {isa = PBXFileReference; lastKnownFileType = sourcecode.swift; path = HeroHeaderUIView.swift; sourceTree = "<group>"; };
		B6945317287C58BA00CFEDB3 /* Netflix Clone.app */ = {isa = PBXFileReference; explicitFileType = wrapper.application; includeInIndex = 0; path = "Netflix Clone.app"; sourceTree = BUILT_PRODUCTS_DIR; };
		B694531A287C58BA00CFEDB3 /* AppDelegate.swift */ = {isa = PBXFileReference; lastKnownFileType = sourcecode.swift; path = AppDelegate.swift; sourceTree = "<group>"; };
		B694531C287C58BA00CFEDB3 /* SceneDelegate.swift */ = {isa = PBXFileReference; lastKnownFileType = sourcecode.swift; path = SceneDelegate.swift; sourceTree = "<group>"; };
		B694531E287C58BA00CFEDB3 /* MainTabBarViewController.swift */ = {isa = PBXFileReference; lastKnownFileType = sourcecode.swift; path = MainTabBarViewController.swift; sourceTree = "<group>"; };
		B6945323287C58BA00CFEDB3 /* Assets.xcassets */ = {isa = PBXFileReference; lastKnownFileType = folder.assetcatalog; path = Assets.xcassets; sourceTree = "<group>"; };
		B6945326287C58BA00CFEDB3 /* Base */ = {isa = PBXFileReference; lastKnownFileType = file.storyboard; name = Base; path = Base.lproj/LaunchScreen.storyboard; sourceTree = "<group>"; };
		B6945328287C58BA00CFEDB3 /* Info.plist */ = {isa = PBXFileReference; lastKnownFileType = text.plist.xml; path = Info.plist; sourceTree = "<group>"; };
		B694532F287C5AED00CFEDB3 /* HomeViewController.swift */ = {isa = PBXFileReference; lastKnownFileType = sourcecode.swift; path = HomeViewController.swift; sourceTree = "<group>"; };
		B6945331287C5B1300CFEDB3 /* UpcomingViewController.swift */ = {isa = PBXFileReference; lastKnownFileType = sourcecode.swift; path = UpcomingViewController.swift; sourceTree = "<group>"; };
		B6945333287C5B2D00CFEDB3 /* SearchViewController.swift */ = {isa = PBXFileReference; lastKnownFileType = sourcecode.swift; path = SearchViewController.swift; sourceTree = "<group>"; };
		B6945335287C5B4600CFEDB3 /* DownloadsViewController.swift */ = {isa = PBXFileReference; lastKnownFileType = sourcecode.swift; path = DownloadsViewController.swift; sourceTree = "<group>"; };
		B69AA06C287F12C3006BC595 /* APICaller.swift */ = {isa = PBXFileReference; lastKnownFileType = sourcecode.swift; path = APICaller.swift; sourceTree = "<group>"; };
		B69AA06E28803BAA006BC595 /* Title.swift */ = {isa = PBXFileReference; lastKnownFileType = sourcecode.swift; path = Title.swift; sourceTree = "<group>"; };
		B69AA07228804564006BC595 /* extensions.swift */ = {isa = PBXFileReference; lastKnownFileType = sourcecode.swift; path = extensions.swift; sourceTree = "<group>"; };
		B69AA076288058EB006BC595 /* TitleCollectionViewCell.swift */ = {isa = PBXFileReference; lastKnownFileType = sourcecode.swift; path = TitleCollectionViewCell.swift; sourceTree = "<group>"; };
/* End PBXFileReference section */

/* Begin PBXFrameworksBuildPhase section */
		B6945314287C58BA00CFEDB3 /* Frameworks */ = {
			isa = PBXFrameworksBuildPhase;
			buildActionMask = 2147483647;
			files = (
				B69AA07C288059EB006BC595 /* SDWebImageMapKit in Frameworks */,
				B69AA07A288059EB006BC595 /* SDWebImage in Frameworks */,
			);
			runOnlyForDeploymentPostprocessing = 0;
		};
/* End PBXFrameworksBuildPhase section */

/* Begin PBXGroup section */
		B632269C287C774E007EE5EF /* Views */ = {
			isa = PBXGroup;
			children = (
				B63226A1287C77E5007EE5EF /* CollectionViewTableViewCell.swift */,
				B63226A3287DB37D007EE5EF /* HeroHeaderUIView.swift */,
				B69AA076288058EB006BC595 /* TitleCollectionViewCell.swift */,
			);
			path = Views;
			sourceTree = "<group>";
		};
		B632269D287C7759007EE5EF /* ViewModels */ = {
			isa = PBXGroup;
			children = (
			);
			path = ViewModels;
			sourceTree = "<group>";
		};
		B632269E287C7767007EE5EF /* Models */ = {
			isa = PBXGroup;
			children = (
				B69AA06E28803BAA006BC595 /* Title.swift */,
			);
			path = Models;
			sourceTree = "<group>";
		};
		B632269F287C7793007EE5EF /* Resources */ = {
			isa = PBXGroup;
			children = (
				B69AA07228804564006BC595 /* extensions.swift */,
			);
			path = Resources;
			sourceTree = "<group>";
		};
		B63226A0287C779D007EE5EF /* Managers */ = {
			isa = PBXGroup;
			children = (
				B69AA06C287F12C3006BC595 /* APICaller.swift */,
			);
			path = Managers;
			sourceTree = "<group>";
		};
		B694530E287C58BA00CFEDB3 = {
			isa = PBXGroup;
			children = (
				B6945319287C58BA00CFEDB3 /* Netflix Clone */,
				B6945318287C58BA00CFEDB3 /* Products */,
			);
			sourceTree = "<group>";
		};
		B6945318287C58BA00CFEDB3 /* Products */ = {
			isa = PBXGroup;
			children = (
				B6945317287C58BA00CFEDB3 /* Netflix Clone.app */,
			);
			name = Products;
			sourceTree = "<group>";
		};
		B6945319287C58BA00CFEDB3 /* Netflix Clone */ = {
			isa = PBXGroup;
			children = (
				B63226A0287C779D007EE5EF /* Managers */,
				B632269F287C7793007EE5EF /* Resources */,
				B632269E287C7767007EE5EF /* Models */,
				B632269C287C774E007EE5EF /* Views */,
				B632269D287C7759007EE5EF /* ViewModels */,
				B694532E287C5ABB00CFEDB3 /* Controllers */,
				B694531A287C58BA00CFEDB3 /* AppDelegate.swift */,
				B694531C287C58BA00CFEDB3 /* SceneDelegate.swift */,
				B694531E287C58BA00CFEDB3 /* MainTabBarViewController.swift */,
				B6945323287C58BA00CFEDB3 /* Assets.xcassets */,
				B6945325287C58BA00CFEDB3 /* LaunchScreen.storyboard */,
				B6945328287C58BA00CFEDB3 /* Info.plist */,
			);
			path = "Netflix Clone";
			sourceTree = "<group>";
		};
		B694532E287C5ABB00CFEDB3 /* Controllers */ = {
			isa = PBXGroup;
			children = (
				B694532F287C5AED00CFEDB3 /* HomeViewController.swift */,
				B6945331287C5B1300CFEDB3 /* UpcomingViewController.swift */,
				B6945333287C5B2D00CFEDB3 /* SearchViewController.swift */,
				B6945335287C5B4600CFEDB3 /* DownloadsViewController.swift */,
			);
			path = Controllers;
			sourceTree = "<group>";
		};
/* End PBXGroup section */

/* Begin PBXNativeTarget section */
		B6945316287C58BA00CFEDB3 /* Netflix Clone */ = {
			isa = PBXNativeTarget;
			buildConfigurationList = B694532B287C58BA00CFEDB3 /* Build configuration list for PBXNativeTarget "Netflix Clone" */;
			buildPhases = (
				B6945313287C58BA00CFEDB3 /* Sources */,
				B6945314287C58BA00CFEDB3 /* Frameworks */,
				B6945315287C58BA00CFEDB3 /* Resources */,
			);
			buildRules = (
			);
			dependencies = (
			);
			name = "Netflix Clone";
			packageProductDependencies = (
				B69AA079288059EB006BC595 /* SDWebImage */,
				B69AA07B288059EB006BC595 /* SDWebImageMapKit */,
			);
			productName = "Netflix Clone";
			productReference = B6945317287C58BA00CFEDB3 /* Netflix Clone.app */;
			productType = "com.apple.product-type.application";
		};
/* End PBXNativeTarget section */

/* Begin PBXProject section */
		B694530F287C58BA00CFEDB3 /* Project object */ = {
			isa = PBXProject;
			attributes = {
				BuildIndependentTargetsInParallel = 1;
				LastSwiftUpdateCheck = 1340;
				LastUpgradeCheck = 1340;
				TargetAttributes = {
					B6945316287C58BA00CFEDB3 = {
						CreatedOnToolsVersion = 13.4.1;
					};
				};
			};
			buildConfigurationList = B6945312287C58BA00CFEDB3 /* Build configuration list for PBXProject "Netflix Clone" */;
			compatibilityVersion = "Xcode 13.0";
			developmentRegion = en;
			hasScannedForEncodings = 0;
			knownRegions = (
				en,
				Base,
			);
			mainGroup = B694530E287C58BA00CFEDB3;
			packageReferences = (
				B69AA078288059EB006BC595 /* XCRemoteSwiftPackageReference "SDWebImage" */,
			);
			productRefGroup = B6945318287C58BA00CFEDB3 /* Products */;
			projectDirPath = "";
			projectRoot = "";
			targets = (
				B6945316287C58BA00CFEDB3 /* Netflix Clone */,
			);
		};
/* End PBXProject section */

/* Begin PBXResourcesBuildPhase section */
		B6945315287C58BA00CFEDB3 /* Resources */ = {
			isa = PBXResourcesBuildPhase;
			buildActionMask = 2147483647;
			files = (
				B6945327287C58BA00CFEDB3 /* LaunchScreen.storyboard in Resources */,
				B6945324287C58BA00CFEDB3 /* Assets.xcassets in Resources */,
			);
			runOnlyForDeploymentPostprocessing = 0;
		};
/* End PBXResourcesBuildPhase section */

/* Begin PBXSourcesBuildPhase section */
		B6945313287C58BA00CFEDB3 /* Sources */ = {
			isa = PBXSourcesBuildPhase;
			buildActionMask = 2147483647;
			files = (
				B6945334287C5B2D00CFEDB3 /* SearchViewController.swift in Sources */,
				B69AA077288058EB006BC595 /* TitleCollectionViewCell.swift in Sources */,
				B694531F287C58BA00CFEDB3 /* MainTabBarViewController.swift in Sources */,
				B63226A2287C77E5007EE5EF /* CollectionViewTableViewCell.swift in Sources */,
				B69AA06D287F12C3006BC595 /* APICaller.swift in Sources */,
				B63226A4287DB37D007EE5EF /* HeroHeaderUIView.swift in Sources */,
				B6945336287C5B4600CFEDB3 /* DownloadsViewController.swift in Sources */,
				B694531B287C58BA00CFEDB3 /* AppDelegate.swift in Sources */,
				B694531D287C58BA00CFEDB3 /* SceneDelegate.swift in Sources */,
				B6945332287C5B1300CFEDB3 /* UpcomingViewController.swift in Sources */,
				B69AA06F28803BAA006BC595 /* Title.swift in Sources */,
				B6945330287C5AED00CFEDB3 /* HomeViewController.swift in Sources */,
				B69AA07328804564006BC595 /* extensions.swift in Sources */,
			);
			runOnlyForDeploymentPostprocessing = 0;
		};
/* End PBXSourcesBuildPhase section */

/* Begin PBXVariantGroup section */
		B6945325287C58BA00CFEDB3 /* LaunchScreen.storyboard */ = {
			isa = PBXVariantGroup;
			children = (
				B6945326287C58BA00CFEDB3 /* Base */,
			);
			name = LaunchScreen.storyboard;
			sourceTree = "<group>";
		};
/* End PBXVariantGroup section */

/* Begin XCBuildConfiguration section */
		B6945329287C58BA00CFEDB3 /* Debug */ = {
			isa = XCBuildConfiguration;
			buildSettings = {
				ALWAYS_SEARCH_USER_PATHS = NO;
				CLANG_ANALYZER_NONNULL = YES;
				CLANG_ANALYZER_NUMBER_OBJECT_CONVERSION = YES_AGGRESSIVE;
				CLANG_CXX_LANGUAGE_STANDARD = "gnu++17";
				CLANG_ENABLE_MODULES = YES;
				CLANG_ENABLE_OBJC_ARC = YES;
				CLANG_ENABLE_OBJC_WEAK = YES;
				CLANG_WARN_BLOCK_CAPTURE_AUTORELEASING = YES;
				CLANG_WARN_BOOL_CONVERSION = YES;
				CLANG_WARN_COMMA = YES;
				CLANG_WARN_CONSTANT_CONVERSION = YES;
				CLANG_WARN_DEPRECATED_OBJC_IMPLEMENTATIONS = YES;
				CLANG_WARN_DIRECT_OBJC_ISA_USAGE = YES_ERROR;
				CLANG_WARN_DOCUMENTATION_COMMENTS = YES;
				CLANG_WARN_EMPTY_BODY = YES;
				CLANG_WARN_ENUM_CONVERSION = YES;
				CLANG_WARN_INFINITE_RECURSION = YES;
				CLANG_WARN_INT_CONVERSION = YES;
				CLANG_WARN_NON_LITERAL_NULL_CONVERSION = YES;
				CLANG_WARN_OBJC_IMPLICIT_RETAIN_SELF = YES;
				CLANG_WARN_OBJC_LITERAL_CONVERSION = YES;
				CLANG_WARN_OBJC_ROOT_CLASS = YES_ERROR;
				CLANG_WARN_QUOTED_INCLUDE_IN_FRAMEWORK_HEADER = YES;
				CLANG_WARN_RANGE_LOOP_ANALYSIS = YES;
				CLANG_WARN_STRICT_PROTOTYPES = YES;
				CLANG_WARN_SUSPICIOUS_MOVE = YES;
				CLANG_WARN_UNGUARDED_AVAILABILITY = YES_AGGRESSIVE;
				CLANG_WARN_UNREACHABLE_CODE = YES;
				CLANG_WARN__DUPLICATE_METHOD_MATCH = YES;
				COPY_PHASE_STRIP = NO;
				DEBUG_INFORMATION_FORMAT = dwarf;
				ENABLE_STRICT_OBJC_MSGSEND = YES;
				ENABLE_TESTABILITY = YES;
				GCC_C_LANGUAGE_STANDARD = gnu11;
				GCC_DYNAMIC_NO_PIC = NO;
				GCC_NO_COMMON_BLOCKS = YES;
				GCC_OPTIMIZATION_LEVEL = 0;
				GCC_PREPROCESSOR_DEFINITIONS = (
					"DEBUG=1",
					"$(inherited)",
				);
				GCC_WARN_64_TO_32_BIT_CONVERSION = YES;
				GCC_WARN_ABOUT_RETURN_TYPE = YES_ERROR;
				GCC_WARN_UNDECLARED_SELECTOR = YES;
				GCC_WARN_UNINITIALIZED_AUTOS = YES_AGGRESSIVE;
				GCC_WARN_UNUSED_FUNCTION = YES;
				GCC_WARN_UNUSED_VARIABLE = YES;
				IPHONEOS_DEPLOYMENT_TARGET = 15.5;
				MTL_ENABLE_DEBUG_INFO = INCLUDE_SOURCE;
				MTL_FAST_MATH = YES;
				ONLY_ACTIVE_ARCH = YES;
				SDKROOT = iphoneos;
				SWIFT_ACTIVE_COMPILATION_CONDITIONS = DEBUG;
				SWIFT_OPTIMIZATION_LEVEL = "-Onone";
			};
			name = Debug;
		};
		B694532A287C58BA00CFEDB3 /* Release */ = {
			isa = XCBuildConfiguration;
			buildSettings = {
				ALWAYS_SEARCH_USER_PATHS = NO;
				CLANG_ANALYZER_NONNULL = YES;
				CLANG_ANALYZER_NUMBER_OBJECT_CONVERSION = YES_AGGRESSIVE;
				CLANG_CXX_LANGUAGE_STANDARD = "gnu++17";
				CLANG_ENABLE_MODULES = YES;
				CLANG_ENABLE_OBJC_ARC = YES;
				CLANG_ENABLE_OBJC_WEAK = YES;
				CLANG_WARN_BLOCK_CAPTURE_AUTORELEASING = YES;
				CLANG_WARN_BOOL_CONVERSION = YES;
				CLANG_WARN_COMMA = YES;
				CLANG_WARN_CONSTANT_CONVERSION = YES;
				CLANG_WARN_DEPRECATED_OBJC_IMPLEMENTATIONS = YES;
				CLANG_WARN_DIRECT_OBJC_ISA_USAGE = YES_ERROR;
				CLANG_WARN_DOCUMENTATION_COMMENTS = YES;
				CLANG_WARN_EMPTY_BODY = YES;
				CLANG_WARN_ENUM_CONVERSION = YES;
				CLANG_WARN_INFINITE_RECURSION = YES;
				CLANG_WARN_INT_CONVERSION = YES;
				CLANG_WARN_NON_LITERAL_NULL_CONVERSION = YES;
				CLANG_WARN_OBJC_IMPLICIT_RETAIN_SELF = YES;
				CLANG_WARN_OBJC_LITERAL_CONVERSION = YES;
				CLANG_WARN_OBJC_ROOT_CLASS = YES_ERROR;
				CLANG_WARN_QUOTED_INCLUDE_IN_FRAMEWORK_HEADER = YES;
				CLANG_WARN_RANGE_LOOP_ANALYSIS = YES;
				CLANG_WARN_STRICT_PROTOTYPES = YES;
				CLANG_WARN_SUSPICIOUS_MOVE = YES;
				CLANG_WARN_UNGUARDED_AVAILABILITY = YES_AGGRESSIVE;
				CLANG_WARN_UNREACHABLE_CODE = YES;
				CLANG_WARN__DUPLICATE_METHOD_MATCH = YES;
				COPY_PHASE_STRIP = NO;
				DEBUG_INFORMATION_FORMAT = "dwarf-with-dsym";
				ENABLE_NS_ASSERTIONS = NO;
				ENABLE_STRICT_OBJC_MSGSEND = YES;
				GCC_C_LANGUAGE_STANDARD = gnu11;
				GCC_NO_COMMON_BLOCKS = YES;
				GCC_WARN_64_TO_32_BIT_CONVERSION = YES;
				GCC_WARN_ABOUT_RETURN_TYPE = YES_ERROR;
				GCC_WARN_UNDECLARED_SELECTOR = YES;
				GCC_WARN_UNINITIALIZED_AUTOS = YES_AGGRESSIVE;
				GCC_WARN_UNUSED_FUNCTION = YES;
				GCC_WARN_UNUSED_VARIABLE = YES;
				IPHONEOS_DEPLOYMENT_TARGET = 15.5;
				MTL_ENABLE_DEBUG_INFO = NO;
				MTL_FAST_MATH = YES;
				SDKROOT = iphoneos;
				SWIFT_COMPILATION_MODE = wholemodule;
				SWIFT_OPTIMIZATION_LEVEL = "-O";
				VALIDATE_PRODUCT = YES;
			};
			name = Release;
		};
		B694532C287C58BA00CFEDB3 /* Debug */ = {
			isa = XCBuildConfiguration;
			buildSettings = {
				ASSETCATALOG_COMPILER_APPICON_NAME = AppIcon;
				ASSETCATALOG_COMPILER_GLOBAL_ACCENT_COLOR_NAME = AccentColor;
				CODE_SIGN_STYLE = Automatic;
				CURRENT_PROJECT_VERSION = 1;
				DEVELOPMENT_TEAM = H278GZ4GQ7;
				GENERATE_INFOPLIST_FILE = YES;
				INFOPLIST_FILE = "Netflix Clone/Info.plist";
				INFOPLIST_KEY_UIApplicationSupportsIndirectInputEvents = YES;
				INFOPLIST_KEY_UILaunchStoryboardName = LaunchScreen;
				INFOPLIST_KEY_UISupportedInterfaceOrientations_iPad = "UIInterfaceOrientationPortrait UIInterfaceOrientationPortraitUpsideDown UIInterfaceOrientationLandscapeLeft UIInterfaceOrientationLandscapeRight";
				INFOPLIST_KEY_UISupportedInterfaceOrientations_iPhone = "UIInterfaceOrientationPortrait UIInterfaceOrientationLandscapeLeft UIInterfaceOrientationLandscapeRight";
				LD_RUNPATH_SEARCH_PATHS = (
					"$(inherited)",
					"@executable_path/Frameworks",
				);
				MARKETING_VERSION = 1.0;
				PRODUCT_BUNDLE_IDENTIFIER = "com.Alice.Netflix-Clone";
				PRODUCT_NAME = "$(TARGET_NAME)";
				SWIFT_EMIT_LOC_STRINGS = YES;
				SWIFT_VERSION = 5.0;
				TARGETED_DEVICE_FAMILY = "1,2";
			};
			name = Debug;
		};
		B694532D287C58BA00CFEDB3 /* Release */ = {
			isa = XCBuildConfiguration;
			buildSettings = {
				ASSETCATALOG_COMPILER_APPICON_NAME = AppIcon;
				ASSETCATALOG_COMPILER_GLOBAL_ACCENT_COLOR_NAME = AccentColor;
				CODE_SIGN_STYLE = Automatic;
				CURRENT_PROJECT_VERSION = 1;
				DEVELOPMENT_TEAM = H278GZ4GQ7;
				GENERATE_INFOPLIST_FILE = YES;
				INFOPLIST_FILE = "Netflix Clone/Info.plist";
				INFOPLIST_KEY_UIApplicationSupportsIndirectInputEvents = YES;
				INFOPLIST_KEY_UILaunchStoryboardName = LaunchScreen;
				INFOPLIST_KEY_UISupportedInterfaceOrientations_iPad = "UIInterfaceOrientationPortrait UIInterfaceOrientationPortraitUpsideDown UIInterfaceOrientationLandscapeLeft UIInterfaceOrientationLandscapeRight";
				INFOPLIST_KEY_UISupportedInterfaceOrientations_iPhone = "UIInterfaceOrientationPortrait UIInterfaceOrientationLandscapeLeft UIInterfaceOrientationLandscapeRight";
				LD_RUNPATH_SEARCH_PATHS = (
					"$(inherited)",
					"@executable_path/Frameworks",
				);
				MARKETING_VERSION = 1.0;
				PRODUCT_BUNDLE_IDENTIFIER = "com.Alice.Netflix-Clone";
				PRODUCT_NAME = "$(TARGET_NAME)";
				SWIFT_EMIT_LOC_STRINGS = YES;
				SWIFT_VERSION = 5.0;
				TARGETED_DEVICE_FAMILY = "1,2";
			};
			name = Release;
		};
/* End XCBuildConfiguration section */

/* Begin XCConfigurationList section */
		B6945312287C58BA00CFEDB3 /* Build configuration list for PBXProject "Netflix Clone" */ = {
			isa = XCConfigurationList;
			buildConfigurations = (
				B6945329287C58BA00CFEDB3 /* Debug */,
				B694532A287C58BA00CFEDB3 /* Release */,
			);
			defaultConfigurationIsVisible = 0;
			defaultConfigurationName = Release;
		};
		B694532B287C58BA00CFEDB3 /* Build configuration list for PBXNativeTarget "Netflix Clone" */ = {
			isa = XCConfigurationList;
			buildConfigurations = (
				B694532C287C58BA00CFEDB3 /* Debug */,
				B694532D287C58BA00CFEDB3 /* Release */,
			);
			defaultConfigurationIsVisible = 0;
			defaultConfigurationName = Release;
		};
/* End XCConfigurationList section */

/* Begin XCRemoteSwiftPackageReference section */
		B69AA078288059EB006BC595 /* XCRemoteSwiftPackageReference "SDWebImage" */ = {
			isa = XCRemoteSwiftPackageReference;
			repositoryURL = "https://github.com/SDWebImage/SDWebImage.git";
			requirement = {
				kind = upToNextMajorVersion;
				minimumVersion = 5.0.0;
			};
		};
/* End XCRemoteSwiftPackageReference section */

/* Begin XCSwiftPackageProductDependency section */
		B69AA079288059EB006BC595 /* SDWebImage */ = {
			isa = XCSwiftPackageProductDependency;
			package = B69AA078288059EB006BC595 /* XCRemoteSwiftPackageReference "SDWebImage" */;
			productName = SDWebImage;
		};
		B69AA07B288059EB006BC595 /* SDWebImageMapKit */ = {
			isa = XCSwiftPackageProductDependency;
			package = B69AA078288059EB006BC595 /* XCRemoteSwiftPackageReference "SDWebImage" */;
			productName = SDWebImageMapKit;
		};
/* End XCSwiftPackageProductDependency section */
	};
	rootObject = B694530F287C58BA00CFEDB3 /* Project object */;
}
